// !$*UTF8*$!
{
	archiveVersion = 1;
	classes = {
	};
	objectVersion = 56;
	objects = {

/* Begin PBXBuildFile section */
		1F9F0EAA2AB52E4F00FB3BBD /* AppDelegate.swift in Sources */ = {isa = PBXBuildFile; fileRef = 1F9F0EA92AB52E4F00FB3BBD /* AppDelegate.swift */; };
		1F9F0EAC2AB52E4F00FB3BBD /* SceneDelegate.swift in Sources */ = {isa = PBXBuildFile; fileRef = 1F9F0EAB2AB52E4F00FB3BBD /* SceneDelegate.swift */; };
		1F9F0EAE2AB52E4F00FB3BBD /* ViewController.swift in Sources */ = {isa = PBXBuildFile; fileRef = 1F9F0EAD2AB52E4F00FB3BBD /* ViewController.swift */; };
		1F9F0EB12AB52E4F00FB3BBD /* Main.storyboard in Resources */ = {isa = PBXBuildFile; fileRef = 1F9F0EAF2AB52E4F00FB3BBD /* Main.storyboard */; };
		1F9F0EB32AB52E5100FB3BBD /* Assets.xcassets in Resources */ = {isa = PBXBuildFile; fileRef = 1F9F0EB22AB52E5100FB3BBD /* Assets.xcassets */; };
		1F9F0EB62AB52E5100FB3BBD /* LaunchScreen.storyboard in Resources */ = {isa = PBXBuildFile; fileRef = 1F9F0EB42AB52E5100FB3BBD /* LaunchScreen.storyboard */; };
		1F9F0EC02AB5324D00FB3BBD /* number_1.png in Resources */ = {isa = PBXBuildFile; fileRef = 1F9F0EBD2AB5324D00FB3BBD /* number_1.png */; };
		1F9F0EC12AB5324D00FB3BBD /* number_2.png in Resources */ = {isa = PBXBuildFile; fileRef = 1F9F0EBE2AB5324D00FB3BBD /* number_2.png */; };
		1F9F0EC22AB5324D00FB3BBD /* number_3.png in Resources */ = {isa = PBXBuildFile; fileRef = 1F9F0EBF2AB5324D00FB3BBD /* number_3.png */; };
/* End PBXBuildFile section */

/* Begin PBXFileReference section */
		1F9F0EA62AB52E4F00FB3BBD /* SlideshowApp.app */ = {isa = PBXFileReference; explicitFileType = wrapper.application; includeInIndex = 0; path = SlideshowApp.app; sourceTree = BUILT_PRODUCTS_DIR; };
		1F9F0EA92AB52E4F00FB3BBD /* AppDelegate.swift */ = {isa = PBXFileReference; lastKnownFileType = sourcecode.swift; path = AppDelegate.swift; sourceTree = "<group>"; };
		1F9F0EAB2AB52E4F00FB3BBD /* SceneDelegate.swift */ = {isa = PBXFileReference; lastKnownFileType = sourcecode.swift; path = SceneDelegate.swift; sourceTree = "<group>"; };
		1F9F0EAD2AB52E4F00FB3BBD /* ViewController.swift */ = {isa = PBXFileReference; lastKnownFileType = sourcecode.swift; path = ViewController.swift; sourceTree = "<group>"; };
		1F9F0EB02AB52E4F00FB3BBD /* Base */ = {isa = PBXFileReference; lastKnownFileType = file.storyboard; name = Base; path = Base.lproj/Main.storyboard; sourceTree = "<group>"; };
		1F9F0EB22AB52E5100FB3BBD /* Assets.xcassets */ = {isa = PBXFileReference; lastKnownFileType = folder.assetcatalog; path = Assets.xcassets; sourceTree = "<group>"; };
		1F9F0EB52AB52E5100FB3BBD /* Base */ = {isa = PBXFileReference; lastKnownFileType = file.storyboard; name = Base; path = Base.lproj/LaunchScreen.storyboard; sourceTree = "<group>"; };
		1F9F0EB72AB52E5100FB3BBD /* Info.plist */ = {isa = PBXFileReference; lastKnownFileType = text.plist.xml; path = Info.plist; sourceTree = "<group>"; };
		1F9F0EBD2AB5324D00FB3BBD /* number_1.png */ = {isa = PBXFileReference; lastKnownFileType = image.png; name = number_1.png; path = "../../画像/number_1.png"; sourceTree = "<group>"; };
		1F9F0EBE2AB5324D00FB3BBD /* number_2.png */ = {isa = PBXFileReference; lastKnownFileType = image.png; name = number_2.png; path = "../../画像/number_2.png"; sourceTree = "<group>"; };
		1F9F0EBF2AB5324D00FB3BBD /* number_3.png */ = {isa = PBXFileReference; lastKnownFileType = image.png; name = number_3.png; path = "../../画像/number_3.png"; sourceTree = "<group>"; };
/* End PBXFileReference section */

/* Begin PBXFrameworksBuildPhase section */
		1F9F0EA32AB52E4F00FB3BBD /* Frameworks */ = {
			isa = PBXFrameworksBuildPhase;
			buildActionMask = 2147483647;
			files = (
			);
			runOnlyForDeploymentPostprocessing = 0;
		};
/* End PBXFrameworksBuildPhase section */

/* Begin PBXGroup section */
		1F9F0E9D2AB52E4F00FB3BBD = {
			isa = PBXGroup;
			children = (
				1F9F0EA82AB52E4F00FB3BBD /* SlideshowApp */,
				1F9F0EA72AB52E4F00FB3BBD /* Products */,
			);
			sourceTree = "<group>";
		};
		1F9F0EA72AB52E4F00FB3BBD /* Products */ = {
			isa = PBXGroup;
			children = (
				1F9F0EA62AB52E4F00FB3BBD /* SlideshowApp.app */,
			);
			name = Products;
			sourceTree = "<group>";
		};
		1F9F0EA82AB52E4F00FB3BBD /* SlideshowApp */ = {
			isa = PBXGroup;
			children = (
				1F9F0EA92AB52E4F00FB3BBD /* AppDelegate.swift */,
				1F9F0EAB2AB52E4F00FB3BBD /* SceneDelegate.swift */,
				1F9F0EAD2AB52E4F00FB3BBD /* ViewController.swift */,
				1F9F0EAF2AB52E4F00FB3BBD /* Main.storyboard */,
				1F9F0EB22AB52E5100FB3BBD /* Assets.xcassets */,
				1F9F0EB42AB52E5100FB3BBD /* LaunchScreen.storyboard */,
				1F9F0EB72AB52E5100FB3BBD /* Info.plist */,
				1F9F0EBD2AB5324D00FB3BBD /* number_1.png */,
				1F9F0EBE2AB5324D00FB3BBD /* number_2.png */,
				1F9F0EBF2AB5324D00FB3BBD /* number_3.png */,
			);
			path = SlideshowApp;
			sourceTree = "<group>";
		};
/* End PBXGroup section */

/* Begin PBXNativeTarget section */
		1F9F0EA52AB52E4F00FB3BBD /* SlideshowApp */ = {
			isa = PBXNativeTarget;
			buildConfigurationList = 1F9F0EBA2AB52E5100FB3BBD /* Build configuration list for PBXNativeTarget "SlideshowApp" */;
			buildPhases = (
				1F9F0EA22AB52E4F00FB3BBD /* Sources */,
				1F9F0EA32AB52E4F00FB3BBD /* Frameworks */,
				1F9F0EA42AB52E4F00FB3BBD /* Resources */,
			);
			buildRules = (
			);
			dependencies = (
			);
			name = SlideshowApp;
			productName = SlideshowApp;
			productReference = 1F9F0EA62AB52E4F00FB3BBD /* SlideshowApp.app */;
			productType = "com.apple.product-type.application";
		};
/* End PBXNativeTarget section */

/* Begin PBXProject section */
		1F9F0E9E2AB52E4F00FB3BBD /* Project object */ = {
			isa = PBXProject;
			attributes = {
				BuildIndependentTargetsInParallel = 1;
				LastSwiftUpdateCheck = 1410;
				LastUpgradeCheck = 1410;
				TargetAttributes = {
					1F9F0EA52AB52E4F00FB3BBD = {
						CreatedOnToolsVersion = 14.1;
					};
				};
			};
			buildConfigurationList = 1F9F0EA12AB52E4F00FB3BBD /* Build configuration list for PBXProject "SlideshowApp" */;
			compatibilityVersion = "Xcode 14.0";
			developmentRegion = en;
			hasScannedForEncodings = 0;
			knownRegions = (
				en,
				Base,
			);
			mainGroup = 1F9F0E9D2AB52E4F00FB3BBD;
			productRefGroup = 1F9F0EA72AB52E4F00FB3BBD /* Products */;
			projectDirPath = "";
			projectRoot = "";
			targets = (
				1F9F0EA52AB52E4F00FB3BBD /* SlideshowApp */,
			);
		};
/* End PBXProject section */

/* Begin PBXResourcesBuildPhase section */
		1F9F0EA42AB52E4F00FB3BBD /* Resources */ = {
			isa = PBXResourcesBuildPhase;
			buildActionMask = 2147483647;
			files = (
				1F9F0EC12AB5324D00FB3BBD /* number_2.png in Resources */,
				1F9F0EC02AB5324D00FB3BBD /* number_1.png in Resources */,
				1F9F0EB62AB52E5100FB3BBD /* LaunchScreen.storyboard in Resources */,
				1F9F0EB32AB52E5100FB3BBD /* Assets.xcassets in Resources */,
				1F9F0EC22AB5324D00FB3BBD /* number_3.png in Resources */,
				1F9F0EB12AB52E4F00FB3BBD /* Main.storyboard in Resources */,
			);
			runOnlyForDeploymentPostprocessing = 0;
		};
/* End PBXResourcesBuildPhase section */

/* Begin PBXSourcesBuildPhase section */
		1F9F0EA22AB52E4F00FB3BBD /* Sources */ = {
			isa = PBXSourcesBuildPhase;
			buildActionMask = 2147483647;
			files = (
				1F9F0EAE2AB52E4F00FB3BBD /* ViewController.swift in Sources */,
				1F9F0EAA2AB52E4F00FB3BBD /* AppDelegate.swift in Sources */,
				1F9F0EAC2AB52E4F00FB3BBD /* SceneDelegate.swift in Sources */,
			);
			runOnlyForDeploymentPostprocessing = 0;
		};
/* End PBXSourcesBuildPhase section */

/* Begin PBXVariantGroup section */
		1F9F0EAF2AB52E4F00FB3BBD /* Main.storyboard */ = {
			isa = PBXVariantGroup;
			children = (
				1F9F0EB02AB52E4F00FB3BBD /* Base */,
			);
			name = Main.storyboard;
			sourceTree = "<group>";
		};
		1F9F0EB42AB52E5100FB3BBD /* LaunchScreen.storyboard */ = {
			isa = PBXVariantGroup;
			children = (
				1F9F0EB52AB52E5100FB3BBD /* Base */,
			);
			name = LaunchScreen.storyboard;
			sourceTree = "<group>";
		};
/* End PBXVariantGroup section */

/* Begin XCBuildConfiguration section */
		1F9F0EB82AB52E5100FB3BBD /* Debug */ = {
			isa = XCBuildConfiguration;
			buildSettings = {
				ALWAYS_SEARCH_USER_PATHS = NO;
				CLANG_ANALYZER_NONNULL = YES;
				CLANG_ANALYZER_NUMBER_OBJECT_CONVERSION = YES_AGGRESSIVE;
				CLANG_CXX_LANGUAGE_STANDARD = "gnu++20";
				CLANG_ENABLE_MODULES = YES;
				CLANG_ENABLE_OBJC_ARC = YES;
				CLANG_ENABLE_OBJC_WEAK = YES;
				CLANG_WARN_BLOCK_CAPTURE_AUTORELEASING = YES;
				CLANG_WARN_BOOL_CONVERSION = YES;
				CLANG_WARN_COMMA = YES;
				CLANG_WARN_CONSTANT_CONVERSION = YES;
				CLANG_WARN_DEPRECATED_OBJC_IMPLEMENTATIONS = YES;
				CLANG_WARN_DIRECT_OBJC_ISA_USAGE = YES_ERROR;
				CLANG_WARN_DOCUMENTATION_COMMENTS = YES;
				CLANG_WARN_EMPTY_BODY = YES;
				CLANG_WARN_ENUM_CONVERSION = YES;
				CLANG_WARN_INFINITE_RECURSION = YES;
				CLANG_WARN_INT_CONVERSION = YES;
				CLANG_WARN_NON_LITERAL_NULL_CONVERSION = YES;
				CLANG_WARN_OBJC_IMPLICIT_RETAIN_SELF = YES;
				CLANG_WARN_OBJC_LITERAL_CONVERSION = YES;
				CLANG_WARN_OBJC_ROOT_CLASS = YES_ERROR;
				CLANG_WARN_QUOTED_INCLUDE_IN_FRAMEWORK_HEADER = YES;
				CLANG_WARN_RANGE_LOOP_ANALYSIS = YES;
				CLANG_WARN_STRICT_PROTOTYPES = YES;
				CLANG_WARN_SUSPICIOUS_MOVE = YES;
				CLANG_WARN_UNGUARDED_AVAILABILITY = YES_AGGRESSIVE;
				CLANG_WARN_UNREACHABLE_CODE = YES;
				CLANG_WARN__DUPLICATE_METHOD_MATCH = YES;
				COPY_PHASE_STRIP = NO;
				DEBUG_INFORMATION_FORMAT = dwarf;
				ENABLE_STRICT_OBJC_MSGSEND = YES;
				ENABLE_TESTABILITY = YES;
				GCC_C_LANGUAGE_STANDARD = gnu11;
				GCC_DYNAMIC_NO_PIC = NO;
				GCC_NO_COMMON_BLOCKS = YES;
				GCC_OPTIMIZATION_LEVEL = 0;
				GCC_PREPROCESSOR_DEFINITIONS = (
					"DEBUG=1",
					"$(inherited)",
				);
				GCC_WARN_64_TO_32_BIT_CONVERSION = YES;
				GCC_WARN_ABOUT_RETURN_TYPE = YES_ERROR;
				GCC_WARN_UNDECLARED_SELECTOR = YES;
				GCC_WARN_UNINITIALIZED_AUTOS = YES_AGGRESSIVE;
				GCC_WARN_UNUSED_FUNCTION = YES;
				GCC_WARN_UNUSED_VARIABLE = YES;
				IPHONEOS_DEPLOYMENT_TARGET = 16.1;
				MTL_ENABLE_DEBUG_INFO = INCLUDE_SOURCE;
				MTL_FAST_MATH = YES;
				ONLY_ACTIVE_ARCH = YES;
				SDKROOT = iphoneos;
				SWIFT_ACTIVE_COMPILATION_CONDITIONS = DEBUG;
				SWIFT_OPTIMIZATION_LEVEL = "-Onone";
			};
			name = Debug;
		};
		1F9F0EB92AB52E5100FB3BBD /* Release */ = {
			isa = XCBuildConfiguration;
			buildSettings = {
				ALWAYS_SEARCH_USER_PATHS = NO;
				CLANG_ANALYZER_NONNULL = YES;
				CLANG_ANALYZER_NUMBER_OBJECT_CONVERSION = YES_AGGRESSIVE;
				CLANG_CXX_LANGUAGE_STANDARD = "gnu++20";
				CLANG_ENABLE_MODULES = YES;
				CLANG_ENABLE_OBJC_ARC = YES;
				CLANG_ENABLE_OBJC_WEAK = YES;
				CLANG_WARN_BLOCK_CAPTURE_AUTORELEASING = YES;
				CLANG_WARN_BOOL_CONVERSION = YES;
				CLANG_WARN_COMMA = YES;
				CLANG_WARN_CONSTANT_CONVERSION = YES;
				CLANG_WARN_DEPRECATED_OBJC_IMPLEMENTATIONS = YES;
				CLANG_WARN_DIRECT_OBJC_ISA_USAGE = YES_ERROR;
				CLANG_WARN_DOCUMENTATION_COMMENTS = YES;
				CLANG_WARN_EMPTY_BODY = YES;
				CLANG_WARN_ENUM_CONVERSION = YES;
				CLANG_WARN_INFINITE_RECURSION = YES;
				CLANG_WARN_INT_CONVERSION = YES;
				CLANG_WARN_NON_LITERAL_NULL_CONVERSION = YES;
				CLANG_WARN_OBJC_IMPLICIT_RETAIN_SELF = YES;
				CLANG_WARN_OBJC_LITERAL_CONVERSION = YES;
				CLANG_WARN_OBJC_ROOT_CLASS = YES_ERROR;
				CLANG_WARN_QUOTED_INCLUDE_IN_FRAMEWORK_HEADER = YES;
				CLANG_WARN_RANGE_LOOP_ANALYSIS = YES;
				CLANG_WARN_STRICT_PROTOTYPES = YES;
				CLANG_WARN_SUSPICIOUS_MOVE = YES;
				CLANG_WARN_UNGUARDED_AVAILABILITY = YES_AGGRESSIVE;
				CLANG_WARN_UNREACHABLE_CODE = YES;
				CLANG_WARN__DUPLICATE_METHOD_MATCH = YES;
				COPY_PHASE_STRIP = NO;
				DEBUG_INFORMATION_FORMAT = "dwarf-with-dsym";
				ENABLE_NS_ASSERTIONS = NO;
				ENABLE_STRICT_OBJC_MSGSEND = YES;
				GCC_C_LANGUAGE_STANDARD = gnu11;
				GCC_NO_COMMON_BLOCKS = YES;
				GCC_WARN_64_TO_32_BIT_CONVERSION = YES;
				GCC_WARN_ABOUT_RETURN_TYPE = YES_ERROR;
				GCC_WARN_UNDECLARED_SELECTOR = YES;
				GCC_WARN_UNINITIALIZED_AUTOS = YES_AGGRESSIVE;
				GCC_WARN_UNUSED_FUNCTION = YES;
				GCC_WARN_UNUSED_VARIABLE = YES;
				IPHONEOS_DEPLOYMENT_TARGET = 16.1;
				MTL_ENABLE_DEBUG_INFO = NO;
				MTL_FAST_MATH = YES;
				SDKROOT = iphoneos;
				SWIFT_COMPILATION_MODE = wholemodule;
				SWIFT_OPTIMIZATION_LEVEL = "-O";
				VALIDATE_PRODUCT = YES;
			};
			name = Release;
		};
		1F9F0EBB2AB52E5100FB3BBD /* Debug */ = {
			isa = XCBuildConfiguration;
			buildSettings = {
				ASSETCATALOG_COMPILER_APPICON_NAME = AppIcon;
				ASSETCATALOG_COMPILER_GLOBAL_ACCENT_COLOR_NAME = AccentColor;
				CODE_SIGN_STYLE = Automatic;
				CURRENT_PROJECT_VERSION = 1;
				GENERATE_INFOPLIST_FILE = YES;
				INFOPLIST_FILE = SlideshowApp/Info.plist;
				INFOPLIST_KEY_UIApplicationSupportsIndirectInputEvents = YES;
				INFOPLIST_KEY_UILaunchStoryboardName = LaunchScreen;
				INFOPLIST_KEY_UIMainStoryboardFile = Main;
				INFOPLIST_KEY_UISupportedInterfaceOrientations_iPad = "UIInterfaceOrientationPortrait UIInterfaceOrientationPortraitUpsideDown UIInterfaceOrientationLandscapeLeft UIInterfaceOrientationLandscapeRight";
				INFOPLIST_KEY_UISupportedInterfaceOrientations_iPhone = "UIInterfaceOrientationPortrait UIInterfaceOrientationLandscapeLeft UIInterfaceOrientationLandscapeRight";
				LD_RUNPATH_SEARCH_PATHS = (
					"$(inherited)",
					"@executable_path/Frameworks",
				);
				MARKETING_VERSION = 1.0;
				PRODUCT_BUNDLE_IDENTIFIER = jp.techacademy.arata.fujiki.SlideshowApp;
				PRODUCT_NAME = "$(TARGET_NAME)";
				SWIFT_EMIT_LOC_STRINGS = YES;
				SWIFT_VERSION = 5.0;
				TARGETED_DEVICE_FAMILY = "1,2";
			};
			name = Debug;
		};
		1F9F0EBC2AB52E5100FB3BBD /* Release */ = {
			isa = XCBuildConfiguration;
			buildSettings = {
				ASSETCATALOG_COMPILER_APPICON_NAME = AppIcon;
				ASSETCATALOG_COMPILER_GLOBAL_ACCENT_COLOR_NAME = AccentColor;
				CODE_SIGN_STYLE = Automatic;
				CURRENT_PROJECT_VERSION = 1;
				GENERATE_INFOPLIST_FILE = YES;
				INFOPLIST_FILE = SlideshowApp/Info.plist;
				INFOPLIST_KEY_UIApplicationSupportsIndirectInputEvents = YES;
				INFOPLIST_KEY_UILaunchStoryboardName = LaunchScreen;
				INFOPLIST_KEY_UIMainStoryboardFile = Main;
				INFOPLIST_KEY_UISupportedInterfaceOrientations_iPad = "UIInterfaceOrientationPortrait UIInterfaceOrientationPortraitUpsideDown UIInterfaceOrientationLandscapeLeft UIInterfaceOrientationLandscapeRight";
				INFOPLIST_KEY_UISupportedInterfaceOrientations_iPhone = "UIInterfaceOrientationPortrait UIInterfaceOrientationLandscapeLeft UIInterfaceOrientationLandscapeRight";
				LD_RUNPATH_SEARCH_PATHS = (
					"$(inherited)",
					"@executable_path/Frameworks",
				);
				MARKETING_VERSION = 1.0;
				PRODUCT_BUNDLE_IDENTIFIER = jp.techacademy.arata.fujiki.SlideshowApp;
				PRODUCT_NAME = "$(TARGET_NAME)";
				SWIFT_EMIT_LOC_STRINGS = YES;
				SWIFT_VERSION = 5.0;
				TARGETED_DEVICE_FAMILY = "1,2";
			};
			name = Release;
		};
/* End XCBuildConfiguration section */

/* Begin XCConfigurationList section */
		1F9F0EA12AB52E4F00FB3BBD /* Build configuration list for PBXProject "SlideshowApp" */ = {
			isa = XCConfigurationList;
			buildConfigurations = (
				1F9F0EB82AB52E5100FB3BBD /* Debug */,
				1F9F0EB92AB52E5100FB3BBD /* Release */,
			);
			defaultConfigurationIsVisible = 0;
			defaultConfigurationName = Release;
		};
		1F9F0EBA2AB52E5100FB3BBD /* Build configuration list for PBXNativeTarget "SlideshowApp" */ = {
			isa = XCConfigurationList;
			buildConfigurations = (
				1F9F0EBB2AB52E5100FB3BBD /* Debug */,
				1F9F0EBC2AB52E5100FB3BBD /* Release */,
			);
			defaultConfigurationIsVisible = 0;
			defaultConfigurationName = Release;
		};
/* End XCConfigurationList section */
	};
	rootObject = 1F9F0E9E2AB52E4F00FB3BBD /* Project object */;
}
